
Microsoft Visual Studio Solution File, Format Version 12.00
# Visual Studio Version 16
VisualStudioVersion = 16.0.29709.97
MinimumVisualStudioVersion = 10.0.40219.1
Project("{FAE04EC0-301F-11D3-BF4B-00C04F79EFBC}") = "WebbLab3", "WebbLab3.csproj", "{A1C6A4D8-535D-49DE-A5F7-FDCA9161CA4E}"
EndProject
Global
	GlobalSection(SolutionConfigurationPlatforms) = preSolution
		Debug|Any CPU = Debug|Any CPU
		Release|Any CPU = Release|Any CPU
	EndGlobalSection
	GlobalSection(ProjectConfigurationPlatforms) = postSolution
		{A1C6A4D8-535D-49DE-A5F7-FDCA9161CA4E}.Debug|Any CPU.ActiveCfg = Debug|Any CPU
		{A1C6A4D8-535D-49DE-A5F7-FDCA9161CA4E}.Debug|Any CPU.Build.0 = Debug|Any CPU
		{A1C6A4D8-535D-49DE-A5F7-FDCA9161CA4E}.Release|Any CPU.ActiveCfg = Release|Any CPU
		{A1C6A4D8-535D-49DE-A5F7-FDCA9161CA4E}.Release|Any CPU.Build.0 = Release|Any CPU
	EndGlobalSection
	GlobalSection(SolutionProperties) = preSolution
		HideSolutionNode = FALSE
	EndGlobalSection
	GlobalSection(ExtensibilityGlobals) = postSolution
		SolutionGuid = {9B57ACBD-063D-451E-B5C3-F5A200EBD8FA}
	EndGlobalSection
EndGlobal
